// !$*UTF8*$!
{
	archiveVersion = 1;
	classes = {
	};
	objectVersion = 56;
	objects = {

/* Begin PBXBuildFile section */
		630D60A42A99FCD800C3788A /* TodoTableViewCell+String.swift in Sources */ = {isa = PBXBuildFile; fileRef = 630D60A32A99FCD800C3788A /* TodoTableViewCell+String.swift */; };
		630D60A62A99FDF600C3788A /* TodoList.swift in Sources */ = {isa = PBXBuildFile; fileRef = 630D60A52A99FDF600C3788A /* TodoList.swift */; };
		630D60A82A9A00B400C3788A /* TodoManager.swift in Sources */ = {isa = PBXBuildFile; fileRef = 630D60A72A9A00B400C3788A /* TodoManager.swift */; };
		630D60AA2A9A045D00C3788A /* DetailViewController.swift in Sources */ = {isa = PBXBuildFile; fileRef = 630D60A92A9A045D00C3788A /* DetailViewController.swift */; };
		630D60AC2A9A049000C3788A /* DetailView.swift in Sources */ = {isa = PBXBuildFile; fileRef = 630D60AB2A9A049000C3788A /* DetailView.swift */; };
		630D60AE2A9A0ACC00C3788A /* TodoTableViewCon+TableView, search.swift in Sources */ = {isa = PBXBuildFile; fileRef = 630D60AD2A9A0ACC00C3788A /* TodoTableViewCon+TableView, search.swift */; };
		630D60B02A9A0B1B00C3788A /* DetailView+TextView, TextField.swift in Sources */ = {isa = PBXBuildFile; fileRef = 630D60AF2A9A0B1B00C3788A /* DetailView+TextView, TextField.swift */; };
		6347D52A2AA066EB0039DFBE /* TodoCompletedTableViewController.swift in Sources */ = {isa = PBXBuildFile; fileRef = 6347D5292AA066EB0039DFBE /* TodoCompletedTableViewController.swift */; };
		6347D52C2AA068080039DFBE /* CompletedTableViewCell.swift in Sources */ = {isa = PBXBuildFile; fileRef = 6347D52B2AA068080039DFBE /* CompletedTableViewCell.swift */; };
		6374E0EA2A990BAB0091F4D2 /* TodoTableViewController.swift in Sources */ = {isa = PBXBuildFile; fileRef = 6374E0E92A990BAB0091F4D2 /* TodoTableViewController.swift */; };
		6374E0EC2A99130D0091F4D2 /* TodoTableViewCell.swift in Sources */ = {isa = PBXBuildFile; fileRef = 6374E0EB2A99130D0091F4D2 /* TodoTableViewCell.swift */; };
		6377DF6E2A974A2900451753 /* ViewController+UIImageView.swift in Sources */ = {isa = PBXBuildFile; fileRef = 6377DF6D2A974A2900451753 /* ViewController+UIImageView.swift */; };
		63A682AE2A963844006D03E0 /* AppDelegate.swift in Sources */ = {isa = PBXBuildFile; fileRef = 63A682AD2A963844006D03E0 /* AppDelegate.swift */; };
		63A682B02A963844006D03E0 /* SceneDelegate.swift in Sources */ = {isa = PBXBuildFile; fileRef = 63A682AF2A963844006D03E0 /* SceneDelegate.swift */; };
		63A682B22A963844006D03E0 /* ViewController.swift in Sources */ = {isa = PBXBuildFile; fileRef = 63A682B12A963844006D03E0 /* ViewController.swift */; };
		63A682B52A963844006D03E0 /* Main.storyboard in Resources */ = {isa = PBXBuildFile; fileRef = 63A682B32A963844006D03E0 /* Main.storyboard */; };
		63A682B72A963845006D03E0 /* Assets.xcassets in Resources */ = {isa = PBXBuildFile; fileRef = 63A682B62A963845006D03E0 /* Assets.xcassets */; };
		63A682BA2A963845006D03E0 /* LaunchScreen.storyboard in Resources */ = {isa = PBXBuildFile; fileRef = 63A682B82A963845006D03E0 /* LaunchScreen.storyboard */; };
		63A682C22A9638C2006D03E0 /* .gitignore in Resources */ = {isa = PBXBuildFile; fileRef = 63A682C12A9638C2006D03E0 /* .gitignore */; };
		63BCF4BE2A98FB3700A98FD1 /* NavigationSetting.swift in Sources */ = {isa = PBXBuildFile; fileRef = 63BCF4BD2A98FB3700A98FD1 /* NavigationSetting.swift */; };
/* End PBXBuildFile section */

/* Begin PBXFileReference section */
		630D60A32A99FCD800C3788A /* TodoTableViewCell+String.swift */ = {isa = PBXFileReference; lastKnownFileType = sourcecode.swift; path = "TodoTableViewCell+String.swift"; sourceTree = "<group>"; };
		630D60A52A99FDF600C3788A /* TodoList.swift */ = {isa = PBXFileReference; lastKnownFileType = sourcecode.swift; path = TodoList.swift; sourceTree = "<group>"; };
		630D60A72A9A00B400C3788A /* TodoManager.swift */ = {isa = PBXFileReference; lastKnownFileType = sourcecode.swift; path = TodoManager.swift; sourceTree = "<group>"; };
		630D60A92A9A045D00C3788A /* DetailViewController.swift */ = {isa = PBXFileReference; lastKnownFileType = sourcecode.swift; path = DetailViewController.swift; sourceTree = "<group>"; };
		630D60AB2A9A049000C3788A /* DetailView.swift */ = {isa = PBXFileReference; lastKnownFileType = sourcecode.swift; path = DetailView.swift; sourceTree = "<group>"; };
		630D60AD2A9A0ACC00C3788A /* TodoTableViewCon+TableView, search.swift */ = {isa = PBXFileReference; lastKnownFileType = sourcecode.swift; path = "TodoTableViewCon+TableView, search.swift"; sourceTree = "<group>"; };
		630D60AF2A9A0B1B00C3788A /* DetailView+TextView, TextField.swift */ = {isa = PBXFileReference; lastKnownFileType = sourcecode.swift; path = "DetailView+TextView, TextField.swift"; sourceTree = "<group>"; };
		6347D5292AA066EB0039DFBE /* TodoCompletedTableViewController.swift */ = {isa = PBXFileReference; lastKnownFileType = sourcecode.swift; path = TodoCompletedTableViewController.swift; sourceTree = "<group>"; };
		6347D52B2AA068080039DFBE /* CompletedTableViewCell.swift */ = {isa = PBXFileReference; lastKnownFileType = sourcecode.swift; path = CompletedTableViewCell.swift; sourceTree = "<group>"; };
		6374E0E92A990BAB0091F4D2 /* TodoTableViewController.swift */ = {isa = PBXFileReference; lastKnownFileType = sourcecode.swift; path = TodoTableViewController.swift; sourceTree = "<group>"; };
		6374E0EB2A99130D0091F4D2 /* TodoTableViewCell.swift */ = {isa = PBXFileReference; lastKnownFileType = sourcecode.swift; path = TodoTableViewCell.swift; sourceTree = "<group>"; };
		6377DF6D2A974A2900451753 /* ViewController+UIImageView.swift */ = {isa = PBXFileReference; lastKnownFileType = sourcecode.swift; path = "ViewController+UIImageView.swift"; sourceTree = "<group>"; };
		63A682AA2A963844006D03E0 /* TodoListVerCode.app */ = {isa = PBXFileReference; explicitFileType = wrapper.application; includeInIndex = 0; path = TodoListVerCode.app; sourceTree = BUILT_PRODUCTS_DIR; };
		63A682AD2A963844006D03E0 /* AppDelegate.swift */ = {isa = PBXFileReference; lastKnownFileType = sourcecode.swift; path = AppDelegate.swift; sourceTree = "<group>"; };
		63A682AF2A963844006D03E0 /* SceneDelegate.swift */ = {isa = PBXFileReference; lastKnownFileType = sourcecode.swift; path = SceneDelegate.swift; sourceTree = "<group>"; };
		63A682B12A963844006D03E0 /* ViewController.swift */ = {isa = PBXFileReference; lastKnownFileType = sourcecode.swift; path = ViewController.swift; sourceTree = "<group>"; };
		63A682B42A963844006D03E0 /* Base */ = {isa = PBXFileReference; lastKnownFileType = file.storyboard; name = Base; path = Base.lproj/Main.storyboard; sourceTree = "<group>"; };
		63A682B62A963845006D03E0 /* Assets.xcassets */ = {isa = PBXFileReference; lastKnownFileType = folder.assetcatalog; path = Assets.xcassets; sourceTree = "<group>"; };
		63A682B92A963845006D03E0 /* Base */ = {isa = PBXFileReference; lastKnownFileType = file.storyboard; name = Base; path = Base.lproj/LaunchScreen.storyboard; sourceTree = "<group>"; };
		63A682BB2A963845006D03E0 /* Info.plist */ = {isa = PBXFileReference; lastKnownFileType = text.plist.xml; path = Info.plist; sourceTree = "<group>"; };
		63A682C12A9638C2006D03E0 /* .gitignore */ = {isa = PBXFileReference; lastKnownFileType = text; path = .gitignore; sourceTree = "<group>"; };
		63BCF4BD2A98FB3700A98FD1 /* NavigationSetting.swift */ = {isa = PBXFileReference; lastKnownFileType = sourcecode.swift; path = NavigationSetting.swift; sourceTree = "<group>"; };
/* End PBXFileReference section */

/* Begin PBXFrameworksBuildPhase section */
		63A682A72A963844006D03E0 /* Frameworks */ = {
			isa = PBXFrameworksBuildPhase;
			buildActionMask = 2147483647;
			files = (
			);
			runOnlyForDeploymentPostprocessing = 0;
		};
/* End PBXFrameworksBuildPhase section */

/* Begin PBXGroup section */
		63A682A12A963844006D03E0 = {
			isa = PBXGroup;
			children = (
				63A682C12A9638C2006D03E0 /* .gitignore */,
				63A682AC2A963844006D03E0 /* TodoListVerCode */,
				63A682AB2A963844006D03E0 /* Products */,
			);
			sourceTree = "<group>";
		};
		63A682AB2A963844006D03E0 /* Products */ = {
			isa = PBXGroup;
			children = (
				63A682AA2A963844006D03E0 /* TodoListVerCode.app */,
			);
			name = Products;
			sourceTree = "<group>";
		};
		63A682AC2A963844006D03E0 /* TodoListVerCode */ = {
			isa = PBXGroup;
			children = (
				63A682C42A963CA4006D03E0 /* Applications */,
				63A682C82A963CD7006D03E0 /* Extensions */,
				63A682C72A963CC6006D03E0 /* Helpers */,
				63A682C32A963C92006D03E0 /* Models */,
				63A682C52A963CB0006D03E0 /* Views */,
				63A682C62A963CBA006D03E0 /* Controllers */,
				63A682B62A963845006D03E0 /* Assets.xcassets */,
				63A682BB2A963845006D03E0 /* Info.plist */,
			);
			path = TodoListVerCode;
			sourceTree = "<group>";
		};
		63A682C32A963C92006D03E0 /* Models */ = {
			isa = PBXGroup;
			children = (
				630D60A52A99FDF600C3788A /* TodoList.swift */,
				630D60A72A9A00B400C3788A /* TodoManager.swift */,
			);
			path = Models;
			sourceTree = "<group>";
		};
		63A682C42A963CA4006D03E0 /* Applications */ = {
			isa = PBXGroup;
			children = (
				63A682AD2A963844006D03E0 /* AppDelegate.swift */,
				63A682AF2A963844006D03E0 /* SceneDelegate.swift */,
			);
			path = Applications;
			sourceTree = "<group>";
		};
		63A682C52A963CB0006D03E0 /* Views */ = {
			isa = PBXGroup;
			children = (
				63A682B32A963844006D03E0 /* Main.storyboard */,
				63A682B82A963845006D03E0 /* LaunchScreen.storyboard */,
				6374E0EB2A99130D0091F4D2 /* TodoTableViewCell.swift */,
				630D60AB2A9A049000C3788A /* DetailView.swift */,
				6347D52B2AA068080039DFBE /* CompletedTableViewCell.swift */,
			);
			path = Views;
			sourceTree = "<group>";
		};
		63A682C62A963CBA006D03E0 /* Controllers */ = {
			isa = PBXGroup;
			children = (
				63A682B12A963844006D03E0 /* ViewController.swift */,
				6374E0E92A990BAB0091F4D2 /* TodoTableViewController.swift */,
				630D60A92A9A045D00C3788A /* DetailViewController.swift */,
				6347D5292AA066EB0039DFBE /* TodoCompletedTableViewController.swift */,
			);
			path = Controllers;
			sourceTree = "<group>";
		};
		63A682C72A963CC6006D03E0 /* Helpers */ = {
			isa = PBXGroup;
			children = (
				63BCF4BD2A98FB3700A98FD1 /* NavigationSetting.swift */,
			);
			path = Helpers;
			sourceTree = "<group>";
		};
		63A682C82A963CD7006D03E0 /* Extensions */ = {
			isa = PBXGroup;
			children = (
				6377DF6D2A974A2900451753 /* ViewController+UIImageView.swift */,
				630D60A32A99FCD800C3788A /* TodoTableViewCell+String.swift */,
				630D60AD2A9A0ACC00C3788A /* TodoTableViewCon+TableView, search.swift */,
				630D60AF2A9A0B1B00C3788A /* DetailView+TextView, TextField.swift */,
			);
			path = Extensions;
			sourceTree = "<group>";
		};
/* End PBXGroup section */

/* Begin PBXNativeTarget section */
		63A682A92A963844006D03E0 /* TodoListVerCode */ = {
			isa = PBXNativeTarget;
			buildConfigurationList = 63A682BE2A963845006D03E0 /* Build configuration list for PBXNativeTarget "TodoListVerCode" */;
			buildPhases = (
				63A682A62A963844006D03E0 /* Sources */,
				63A682A72A963844006D03E0 /* Frameworks */,
				63A682A82A963844006D03E0 /* Resources */,
			);
			buildRules = (
			);
			dependencies = (
			);
			name = TodoListVerCode;
			productName = TodoListVerCode;
			productReference = 63A682AA2A963844006D03E0 /* TodoListVerCode.app */;
			productType = "com.apple.product-type.application";
		};
/* End PBXNativeTarget section */

/* Begin PBXProject section */
		63A682A22A963844006D03E0 /* Project object */ = {
			isa = PBXProject;
			attributes = {
				BuildIndependentTargetsInParallel = 1;
				LastSwiftUpdateCheck = 1430;
				LastUpgradeCheck = 1430;
				TargetAttributes = {
					63A682A92A963844006D03E0 = {
						CreatedOnToolsVersion = 14.3.1;
					};
				};
			};
			buildConfigurationList = 63A682A52A963844006D03E0 /* Build configuration list for PBXProject "TodoListVerCode" */;
			compatibilityVersion = "Xcode 14.0";
			developmentRegion = en;
			hasScannedForEncodings = 0;
			knownRegions = (
				en,
				Base,
			);
			mainGroup = 63A682A12A963844006D03E0;
			productRefGroup = 63A682AB2A963844006D03E0 /* Products */;
			projectDirPath = "";
			projectRoot = "";
			targets = (
				63A682A92A963844006D03E0 /* TodoListVerCode */,
			);
		};
/* End PBXProject section */

/* Begin PBXResourcesBuildPhase section */
		63A682A82A963844006D03E0 /* Resources */ = {
			isa = PBXResourcesBuildPhase;
			buildActionMask = 2147483647;
			files = (
				63A682C22A9638C2006D03E0 /* .gitignore in Resources */,
				63A682BA2A963845006D03E0 /* LaunchScreen.storyboard in Resources */,
				63A682B72A963845006D03E0 /* Assets.xcassets in Resources */,
				63A682B52A963844006D03E0 /* Main.storyboard in Resources */,
			);
			runOnlyForDeploymentPostprocessing = 0;
		};
/* End PBXResourcesBuildPhase section */

/* Begin PBXSourcesBuildPhase section */
		63A682A62A963844006D03E0 /* Sources */ = {
			isa = PBXSourcesBuildPhase;
			buildActionMask = 2147483647;
			files = (
				630D60AA2A9A045D00C3788A /* DetailViewController.swift in Sources */,
				630D60AC2A9A049000C3788A /* DetailView.swift in Sources */,
				6347D52A2AA066EB0039DFBE /* TodoCompletedTableViewController.swift in Sources */,
				630D60A62A99FDF600C3788A /* TodoList.swift in Sources */,
				6374E0EC2A99130D0091F4D2 /* TodoTableViewCell.swift in Sources */,
				63A682B22A963844006D03E0 /* ViewController.swift in Sources */,
				6347D52C2AA068080039DFBE /* CompletedTableViewCell.swift in Sources */,
				6374E0EA2A990BAB0091F4D2 /* TodoTableViewController.swift in Sources */,
				630D60AE2A9A0ACC00C3788A /* TodoTableViewCon+TableView, search.swift in Sources */,
				630D60B02A9A0B1B00C3788A /* DetailView+TextView, TextField.swift in Sources */,
				6377DF6E2A974A2900451753 /* ViewController+UIImageView.swift in Sources */,
				630D60A82A9A00B400C3788A /* TodoManager.swift in Sources */,
				630D60A42A99FCD800C3788A /* TodoTableViewCell+String.swift in Sources */,
				63A682AE2A963844006D03E0 /* AppDelegate.swift in Sources */,
				63BCF4BE2A98FB3700A98FD1 /* NavigationSetting.swift in Sources */,
				63A682B02A963844006D03E0 /* SceneDelegate.swift in Sources */,
			);
			runOnlyForDeploymentPostprocessing = 0;
		};
/* End PBXSourcesBuildPhase section */

/* Begin PBXVariantGroup section */
		63A682B32A963844006D03E0 /* Main.storyboard */ = {
			isa = PBXVariantGroup;
			children = (
				63A682B42A963844006D03E0 /* Base */,
			);
			name = Main.storyboard;
			sourceTree = "<group>";
		};
		63A682B82A963845006D03E0 /* LaunchScreen.storyboard */ = {
			isa = PBXVariantGroup;
			children = (
				63A682B92A963845006D03E0 /* Base */,
			);
			name = LaunchScreen.storyboard;
			sourceTree = "<group>";
		};
/* End PBXVariantGroup section */

/* Begin XCBuildConfiguration section */
		63A682BC2A963845006D03E0 /* Debug */ = {
			isa = XCBuildConfiguration;
			buildSettings = {
				ALWAYS_SEARCH_USER_PATHS = NO;
				CLANG_ANALYZER_NONNULL = YES;
				CLANG_ANALYZER_NUMBER_OBJECT_CONVERSION = YES_AGGRESSIVE;
				CLANG_CXX_LANGUAGE_STANDARD = "gnu++20";
				CLANG_ENABLE_MODULES = YES;
				CLANG_ENABLE_OBJC_ARC = YES;
				CLANG_ENABLE_OBJC_WEAK = YES;
				CLANG_WARN_BLOCK_CAPTURE_AUTORELEASING = YES;
				CLANG_WARN_BOOL_CONVERSION = YES;
				CLANG_WARN_COMMA = YES;
				CLANG_WARN_CONSTANT_CONVERSION = YES;
				CLANG_WARN_DEPRECATED_OBJC_IMPLEMENTATIONS = YES;
				CLANG_WARN_DIRECT_OBJC_ISA_USAGE = YES_ERROR;
				CLANG_WARN_DOCUMENTATION_COMMENTS = YES;
				CLANG_WARN_EMPTY_BODY = YES;
				CLANG_WARN_ENUM_CONVERSION = YES;
				CLANG_WARN_INFINITE_RECURSION = YES;
				CLANG_WARN_INT_CONVERSION = YES;
				CLANG_WARN_NON_LITERAL_NULL_CONVERSION = YES;
				CLANG_WARN_OBJC_IMPLICIT_RETAIN_SELF = YES;
				CLANG_WARN_OBJC_LITERAL_CONVERSION = YES;
				CLANG_WARN_OBJC_ROOT_CLASS = YES_ERROR;
				CLANG_WARN_QUOTED_INCLUDE_IN_FRAMEWORK_HEADER = YES;
				CLANG_WARN_RANGE_LOOP_ANALYSIS = YES;
				CLANG_WARN_STRICT_PROTOTYPES = YES;
				CLANG_WARN_SUSPICIOUS_MOVE = YES;
				CLANG_WARN_UNGUARDED_AVAILABILITY = YES_AGGRESSIVE;
				CLANG_WARN_UNREACHABLE_CODE = YES;
				CLANG_WARN__DUPLICATE_METHOD_MATCH = YES;
				COPY_PHASE_STRIP = NO;
				DEBUG_INFORMATION_FORMAT = dwarf;
				ENABLE_STRICT_OBJC_MSGSEND = YES;
				ENABLE_TESTABILITY = YES;
				GCC_C_LANGUAGE_STANDARD = gnu11;
				GCC_DYNAMIC_NO_PIC = NO;
				GCC_NO_COMMON_BLOCKS = YES;
				GCC_OPTIMIZATION_LEVEL = 0;
				GCC_PREPROCESSOR_DEFINITIONS = (
					"DEBUG=1",
					"$(inherited)",
				);
				GCC_WARN_64_TO_32_BIT_CONVERSION = YES;
				GCC_WARN_ABOUT_RETURN_TYPE = YES_ERROR;
				GCC_WARN_UNDECLARED_SELECTOR = YES;
				GCC_WARN_UNINITIALIZED_AUTOS = YES_AGGRESSIVE;
				GCC_WARN_UNUSED_FUNCTION = YES;
				GCC_WARN_UNUSED_VARIABLE = YES;
				IPHONEOS_DEPLOYMENT_TARGET = 16.4;
				MTL_ENABLE_DEBUG_INFO = INCLUDE_SOURCE;
				MTL_FAST_MATH = YES;
				ONLY_ACTIVE_ARCH = YES;
				SDKROOT = iphoneos;
				SWIFT_ACTIVE_COMPILATION_CONDITIONS = DEBUG;
				SWIFT_OPTIMIZATION_LEVEL = "-Onone";
			};
			name = Debug;
		};
		63A682BD2A963845006D03E0 /* Release */ = {
			isa = XCBuildConfiguration;
			buildSettings = {
				ALWAYS_SEARCH_USER_PATHS = NO;
				CLANG_ANALYZER_NONNULL = YES;
				CLANG_ANALYZER_NUMBER_OBJECT_CONVERSION = YES_AGGRESSIVE;
				CLANG_CXX_LANGUAGE_STANDARD = "gnu++20";
				CLANG_ENABLE_MODULES = YES;
				CLANG_ENABLE_OBJC_ARC = YES;
				CLANG_ENABLE_OBJC_WEAK = YES;
				CLANG_WARN_BLOCK_CAPTURE_AUTORELEASING = YES;
				CLANG_WARN_BOOL_CONVERSION = YES;
				CLANG_WARN_COMMA = YES;
				CLANG_WARN_CONSTANT_CONVERSION = YES;
				CLANG_WARN_DEPRECATED_OBJC_IMPLEMENTATIONS = YES;
				CLANG_WARN_DIRECT_OBJC_ISA_USAGE = YES_ERROR;
				CLANG_WARN_DOCUMENTATION_COMMENTS = YES;
				CLANG_WARN_EMPTY_BODY = YES;
				CLANG_WARN_ENUM_CONVERSION = YES;
				CLANG_WARN_INFINITE_RECURSION = YES;
				CLANG_WARN_INT_CONVERSION = YES;
				CLANG_WARN_NON_LITERAL_NULL_CONVERSION = YES;
				CLANG_WARN_OBJC_IMPLICIT_RETAIN_SELF = YES;
				CLANG_WARN_OBJC_LITERAL_CONVERSION = YES;
				CLANG_WARN_OBJC_ROOT_CLASS = YES_ERROR;
				CLANG_WARN_QUOTED_INCLUDE_IN_FRAMEWORK_HEADER = YES;
				CLANG_WARN_RANGE_LOOP_ANALYSIS = YES;
				CLANG_WARN_STRICT_PROTOTYPES = YES;
				CLANG_WARN_SUSPICIOUS_MOVE = YES;
				CLANG_WARN_UNGUARDED_AVAILABILITY = YES_AGGRESSIVE;
				CLANG_WARN_UNREACHABLE_CODE = YES;
				CLANG_WARN__DUPLICATE_METHOD_MATCH = YES;
				COPY_PHASE_STRIP = NO;
				DEBUG_INFORMATION_FORMAT = "dwarf-with-dsym";
				ENABLE_NS_ASSERTIONS = NO;
				ENABLE_STRICT_OBJC_MSGSEND = YES;
				GCC_C_LANGUAGE_STANDARD = gnu11;
				GCC_NO_COMMON_BLOCKS = YES;
				GCC_WARN_64_TO_32_BIT_CONVERSION = YES;
				GCC_WARN_ABOUT_RETURN_TYPE = YES_ERROR;
				GCC_WARN_UNDECLARED_SELECTOR = YES;
				GCC_WARN_UNINITIALIZED_AUTOS = YES_AGGRESSIVE;
				GCC_WARN_UNUSED_FUNCTION = YES;
				GCC_WARN_UNUSED_VARIABLE = YES;
				IPHONEOS_DEPLOYMENT_TARGET = 16.4;
				MTL_ENABLE_DEBUG_INFO = NO;
				MTL_FAST_MATH = YES;
				SDKROOT = iphoneos;
				SWIFT_COMPILATION_MODE = wholemodule;
				SWIFT_OPTIMIZATION_LEVEL = "-O";
				VALIDATE_PRODUCT = YES;
			};
			name = Release;
		};
		63A682BF2A963845006D03E0 /* Debug */ = {
			isa = XCBuildConfiguration;
			buildSettings = {
				ASSETCATALOG_COMPILER_APPICON_NAME = AppIcon;
				ASSETCATALOG_COMPILER_GLOBAL_ACCENT_COLOR_NAME = AccentColor;
				CODE_SIGN_STYLE = Automatic;
				CURRENT_PROJECT_VERSION = 1;
				GENERATE_INFOPLIST_FILE = YES;
				INFOPLIST_FILE = TodoListVerCode/Info.plist;
				INFOPLIST_KEY_UIApplicationSupportsIndirectInputEvents = YES;
				INFOPLIST_KEY_UILaunchStoryboardName = LaunchScreen;
				INFOPLIST_KEY_UIMainStoryboardFile = Main;
				INFOPLIST_KEY_UISupportedInterfaceOrientations_iPad = "UIInterfaceOrientationPortrait UIInterfaceOrientationPortraitUpsideDown UIInterfaceOrientationLandscapeLeft UIInterfaceOrientationLandscapeRight";
				INFOPLIST_KEY_UISupportedInterfaceOrientations_iPhone = "UIInterfaceOrientationPortrait UIInterfaceOrientationLandscapeLeft UIInterfaceOrientationLandscapeRight";
				IPHONEOS_DEPLOYMENT_TARGET = 15.0;
				LD_RUNPATH_SEARCH_PATHS = (
					"$(inherited)",
					"@executable_path/Frameworks",
				);
				MARKETING_VERSION = 1.0;
				PRODUCT_BUNDLE_IDENTIFIER = com.sseongwon.TodoListVerCode;
				PRODUCT_NAME = "$(TARGET_NAME)";
				SUPPORTED_PLATFORMS = "iphoneos iphonesimulator";
				SUPPORTS_MACCATALYST = NO;
				SUPPORTS_MAC_DESIGNED_FOR_IPHONE_IPAD = YES;
				SWIFT_EMIT_LOC_STRINGS = YES;
				SWIFT_VERSION = 5.0;
				TARGETED_DEVICE_FAMILY = 1;
			};
			name = Debug;
		};
		63A682C02A963845006D03E0 /* Release */ = {
			isa = XCBuildConfiguration;
			buildSettings = {
				ASSETCATALOG_COMPILER_APPICON_NAME = AppIcon;
				ASSETCATALOG_COMPILER_GLOBAL_ACCENT_COLOR_NAME = AccentColor;
				CODE_SIGN_STYLE = Automatic;
				CURRENT_PROJECT_VERSION = 1;
				GENERATE_INFOPLIST_FILE = YES;
				INFOPLIST_FILE = TodoListVerCode/Info.plist;
				INFOPLIST_KEY_UIApplicationSupportsIndirectInputEvents = YES;
				INFOPLIST_KEY_UILaunchStoryboardName = LaunchScreen;
				INFOPLIST_KEY_UIMainStoryboardFile = Main;
				INFOPLIST_KEY_UISupportedInterfaceOrientations_iPad = "UIInterfaceOrientationPortrait UIInterfaceOrientationPortraitUpsideDown UIInterfaceOrientationLandscapeLeft UIInterfaceOrientationLandscapeRight";
				INFOPLIST_KEY_UISupportedInterfaceOrientations_iPhone = "UIInterfaceOrientationPortrait UIInterfaceOrientationLandscapeLeft UIInterfaceOrientationLandscapeRight";
				IPHONEOS_DEPLOYMENT_TARGET = 15.0;
				LD_RUNPATH_SEARCH_PATHS = (
					"$(inherited)",
					"@executable_path/Frameworks",
				);
				MARKETING_VERSION = 1.0;
				PRODUCT_BUNDLE_IDENTIFIER = com.sseongwon.TodoListVerCode;
				PRODUCT_NAME = "$(TARGET_NAME)";
				SUPPORTED_PLATFORMS = "iphoneos iphonesimulator";
				SUPPORTS_MACCATALYST = NO;
				SUPPORTS_MAC_DESIGNED_FOR_IPHONE_IPAD = YES;
				SWIFT_EMIT_LOC_STRINGS = YES;
				SWIFT_VERSION = 5.0;
				TARGETED_DEVICE_FAMILY = 1;
			};
			name = Release;
		};
/* End XCBuildConfiguration section */

/* Begin XCConfigurationList section */
		63A682A52A963844006D03E0 /* Build configuration list for PBXProject "TodoListVerCode" */ = {
			isa = XCConfigurationList;
			buildConfigurations = (
				63A682BC2A963845006D03E0 /* Debug */,
				63A682BD2A963845006D03E0 /* Release */,
			);
			defaultConfigurationIsVisible = 0;
			defaultConfigurationName = Release;
		};
		63A682BE2A963845006D03E0 /* Build configuration list for PBXNativeTarget "TodoListVerCode" */ = {
			isa = XCConfigurationList;
			buildConfigurations = (
				63A682BF2A963845006D03E0 /* Debug */,
				63A682C02A963845006D03E0 /* Release */,
			);
			defaultConfigurationIsVisible = 0;
			defaultConfigurationName = Release;
		};
/* End XCConfigurationList section */
	};
	rootObject = 63A682A22A963844006D03E0 /* Project object */;
}
